
Microsoft Visual Studio Solution File, Format Version 12.00
# Visual Studio Version 17
VisualStudioVersion = 17.10.34928.147
MinimumVisualStudioVersion = 10.0.40219.1
Project("{FAE04EC0-301F-11D3-BF4B-00C04F79EFBC}") = "KOZELDOM", "KOZELDOM\KOZELDOM.csproj", "{62631579-246E-458F-B13E-F9FA3AB4D493}"
EndProject
Global
	GlobalSection(SolutionConfigurationPlatforms) = preSolution
		Debug|Any CPU = Debug|Any CPU
		Release|Any CPU = Release|Any CPU
	EndGlobalSection
	GlobalSection(ProjectConfigurationPlatforms) = postSolution
		{62631579-246E-458F-B13E-F9FA3AB4D493}.Debug|Any CPU.ActiveCfg = Debug|Any CPU
		{62631579-246E-458F-B13E-F9FA3AB4D493}.Debug|Any CPU.Build.0 = Debug|Any CPU
		{62631579-246E-458F-B13E-F9FA3AB4D493}.Release|Any CPU.ActiveCfg = Release|Any CPU
		{62631579-246E-458F-B13E-F9FA3AB4D493}.Release|Any CPU.Build.0 = Release|Any CPU
	EndGlobalSection
	GlobalSection(SolutionProperties) = preSolution
		HideSolutionNode = FALSE
	EndGlobalSection
	GlobalSection(ExtensibilityGlobals) = postSolution
		SolutionGuid = {50F6F875-4E8A-4C63-9BD3-AF8BD192622F}
	EndGlobalSection
EndGlobal
